// !$*UTF8*$!
{
	archiveVersion = 1;
	classes = {
	};
	objectVersion = 50;
	objects = {

/* Begin PBXBuildFile section */
		2E0AC98321B7B4DD009E666D /* InboxMessageView.swift in Sources */ = {isa = PBXBuildFile; fileRef = 2E0AC98221B7B4DD009E666D /* InboxMessageView.swift */; };
		2E46FE0A21AFCF8B0046E5E7 /* InboxDetailViewController.swift in Sources */ = {isa = PBXBuildFile; fileRef = 2E46FE0921AFCF8B0046E5E7 /* InboxDetailViewController.swift */; };
		2E46FE0C21B4BD4F0046E5E7 /* InboxTableViewCell.swift in Sources */ = {isa = PBXBuildFile; fileRef = 2E46FE0B21B4BD4F0046E5E7 /* InboxTableViewCell.swift */; };
		2E63C55821AAD31B00D869DF /* AppDelegate.swift in Sources */ = {isa = PBXBuildFile; fileRef = 2E63C55721AAD31B00D869DF /* AppDelegate.swift */; };
		2E63C55A21AAD31B00D869DF /* LoginViewController.swift in Sources */ = {isa = PBXBuildFile; fileRef = 2E63C55921AAD31B00D869DF /* LoginViewController.swift */; };
		2E63C55D21AAD31B00D869DF /* Main.storyboard in Resources */ = {isa = PBXBuildFile; fileRef = 2E63C55B21AAD31B00D869DF /* Main.storyboard */; };
		2E63C55F21AAD31B00D869DF /* Assets.xcassets in Resources */ = {isa = PBXBuildFile; fileRef = 2E63C55E21AAD31B00D869DF /* Assets.xcassets */; };
		2E63C56221AAD31B00D869DF /* LaunchScreen.storyboard in Resources */ = {isa = PBXBuildFile; fileRef = 2E63C56021AAD31B00D869DF /* LaunchScreen.storyboard */; };
		2E63C56C21AADA7300D869DF /* Login.storyboard in Resources */ = {isa = PBXBuildFile; fileRef = 2E63C56B21AADA7300D869DF /* Login.storyboard */; };
		2E63C57721AD2A3700D869DF /* SocialLoginButton.swift in Sources */ = {isa = PBXBuildFile; fileRef = 2E63C57621AD2A3700D869DF /* SocialLoginButton.swift */; };
		2E63C57921AD3A6D00D869DF /* SignInViewController.swift in Sources */ = {isa = PBXBuildFile; fileRef = 2E63C57821AD3A6D00D869DF /* SignInViewController.swift */; };
		2E63C57B21AD3D8400D869DF /* TermsViewController.swift in Sources */ = {isa = PBXBuildFile; fileRef = 2E63C57A21AD3D8400D869DF /* TermsViewController.swift */; };
		2E63C57D21AE29E400D869DF /* SocialLoginTextField.swift in Sources */ = {isa = PBXBuildFile; fileRef = 2E63C57C21AE29E400D869DF /* SocialLoginTextField.swift */; };
		2E95B70D21BA4FF7002C7EA4 /* SavedInformation.swift in Sources */ = {isa = PBXBuildFile; fileRef = 2E95B70C21BA4FF7002C7EA4 /* SavedInformation.swift */; };
		6A00BAE721B8AEA400DE07AC /* ExploreViewStoryBoard.swift in Sources */ = {isa = PBXBuildFile; fileRef = 6A00BAE621B8AEA400DE07AC /* ExploreViewStoryBoard.swift */; };
		6A01658421ABC73600F69171 /* SavedItemCell.swift in Sources */ = {isa = PBXBuildFile; fileRef = 6A01658321ABC73600F69171 /* SavedItemCell.swift */; };
		6A021DA421AD39D80094A298 /* CalenderViewController.swift in Sources */ = {isa = PBXBuildFile; fileRef = 6A021DA321AD39D80094A298 /* CalenderViewController.swift */; };
		6A021DA721AD3D6E0094A298 /* GuestViewController.swift in Sources */ = {isa = PBXBuildFile; fileRef = 6A021DA621AD3D6E0094A298 /* GuestViewController.swift */; };
		6A08BC9C21AF79A200266A58 /* ListingInformation.swift in Sources */ = {isa = PBXBuildFile; fileRef = 6A08BC9B21AF79A200266A58 /* ListingInformation.swift */; };
		6A1CE40821AFDF7E00C30FCF /* CustomCalendarCell.swift in Sources */ = {isa = PBXBuildFile; fileRef = 6A1CE40721AFDF7E00C30FCF /* CustomCalendarCell.swift */; };
		6A6C3C1621AE6EB80080AE7D /* HomesAroundTheWorldCollectionViewCell.swift in Sources */ = {isa = PBXBuildFile; fileRef = 6A6C3C1521AE6EB80080AE7D /* HomesAroundTheWorldCollectionViewCell.swift */; };
		6A9374EF21AB98EF00E641D5 /* SavedViewController.swift in Sources */ = {isa = PBXBuildFile; fileRef = 6A9374EE21AB98EF00E641D5 /* SavedViewController.swift */; };
		6A9374F121AB995D00E641D5 /* ExploreViewController.swift in Sources */ = {isa = PBXBuildFile; fileRef = 6A9374F021AB995D00E641D5 /* ExploreViewController.swift */; };
		6A9374F321AB999900E641D5 /* TripsViewController.swift in Sources */ = {isa = PBXBuildFile; fileRef = 6A9374F221AB999900E641D5 /* TripsViewController.swift */; };
		6A9374F521AB99CA00E641D5 /* InboxViewController.swift in Sources */ = {isa = PBXBuildFile; fileRef = 6A9374F421AB99CA00E641D5 /* InboxViewController.swift */; };
		6AA6300D21B7962000E888AD /* DetailExploreViewTableViewCell.swift in Sources */ = {isa = PBXBuildFile; fileRef = 6AA6300C21B7962000E888AD /* DetailExploreViewTableViewCell.swift */; };
		6AFCCF5821AE666B004D5997 /* HomesAroundTheWorldTableViewCell.swift in Sources */ = {isa = PBXBuildFile; fileRef = 6AFCCF5721AE666B004D5997 /* HomesAroundTheWorldTableViewCell.swift */; };
		6AFF2E3021B77DDE00CADD5D /* DetailViewController.swift in Sources */ = {isa = PBXBuildFile; fileRef = 6AFF2E2F21B77DDE00CADD5D /* DetailViewController.swift */; };
		6AFF2E3221B7872200CADD5D /* TestViewController.swift in Sources */ = {isa = PBXBuildFile; fileRef = 6AFF2E3121B7872200CADD5D /* TestViewController.swift */; };
		7E0E29B921B711AF00AA44F6 /* InviteFriendTableViewController.swift in Sources */ = {isa = PBXBuildFile; fileRef = 7E0E29B821B711AF00AA44F6 /* InviteFriendTableViewController.swift */; };
		7E0E29BB21B711C900AA44F6 /* InviteFriendCell.swift in Sources */ = {isa = PBXBuildFile; fileRef = 7E0E29BA21B711C900AA44F6 /* InviteFriendCell.swift */; };
		7E0E29BD21B711DE00AA44F6 /* InviteFriendList.swift in Sources */ = {isa = PBXBuildFile; fileRef = 7E0E29BC21B711DE00AA44F6 /* InviteFriendList.swift */; };
		7E0E29C021B714D400AA44F6 /* RecommendHostsTableViewController.swift in Sources */ = {isa = PBXBuildFile; fileRef = 7E0E29BF21B714D400AA44F6 /* RecommendHostsTableViewController.swift */; };
		7E0E29C221B714DE00AA44F6 /* RecommendHostsCell.swift in Sources */ = {isa = PBXBuildFile; fileRef = 7E0E29C121B714DE00AA44F6 /* RecommendHostsCell.swift */; };
		7E0E29C421B714EA00AA44F6 /* RecommendHostsList.swift in Sources */ = {isa = PBXBuildFile; fileRef = 7E0E29C321B714EA00AA44F6 /* RecommendHostsList.swift */; };
		7E0E29C721B7199500AA44F6 /* SettingTableViewController.swift in Sources */ = {isa = PBXBuildFile; fileRef = 7E0E29C621B7199500AA44F6 /* SettingTableViewController.swift */; };
		7E0E29C921B719A100AA44F6 /* SettingCell.swift in Sources */ = {isa = PBXBuildFile; fileRef = 7E0E29C821B719A100AA44F6 /* SettingCell.swift */; };
		7E0E29CB21B719BA00AA44F6 /* SettingList.swift in Sources */ = {isa = PBXBuildFile; fileRef = 7E0E29CA21B719BA00AA44F6 /* SettingList.swift */; };
		7E19C65421B017C500684D18 /* ProfileCell.swift in Sources */ = {isa = PBXBuildFile; fileRef = 7E19C65321B017C500684D18 /* ProfileCell.swift */; };
		7E19C65621B01A2100684D18 /* ProfileList.swift in Sources */ = {isa = PBXBuildFile; fileRef = 7E19C65521B01A2100684D18 /* ProfileList.swift */; };
		7E19C6A221B06E4200684D18 /* ProfileButton.swift in Sources */ = {isa = PBXBuildFile; fileRef = 7E19C6A121B06E4200684D18 /* ProfileButton.swift */; };
		7E830CEC21ABA3130061C816 /* ProfileViewController.swift in Sources */ = {isa = PBXBuildFile; fileRef = 7E830CEB21ABA3130061C816 /* ProfileViewController.swift */; };
		8317A8E6FEAF1CF8548E15D4 /* Pods_fastbnb.framework in Frameworks */ = {isa = PBXBuildFile; fileRef = 8ABFD09ECB81A9AB7476F7C1 /* Pods_fastbnb.framework */; };
/* End PBXBuildFile section */

/* Begin PBXFileReference section */
		2E0AC98221B7B4DD009E666D /* InboxMessageView.swift */ = {isa = PBXFileReference; fileEncoding = 4; lastKnownFileType = sourcecode.swift; path = InboxMessageView.swift; sourceTree = "<group>"; };
		2E46FE0921AFCF8B0046E5E7 /* InboxDetailViewController.swift */ = {isa = PBXFileReference; lastKnownFileType = sourcecode.swift; path = InboxDetailViewController.swift; sourceTree = "<group>"; };
		2E46FE0B21B4BD4F0046E5E7 /* InboxTableViewCell.swift */ = {isa = PBXFileReference; lastKnownFileType = sourcecode.swift; path = InboxTableViewCell.swift; sourceTree = "<group>"; };
		2E63C55421AAD31B00D869DF /* fastbnb.app */ = {isa = PBXFileReference; explicitFileType = wrapper.application; includeInIndex = 0; path = fastbnb.app; sourceTree = BUILT_PRODUCTS_DIR; };
		2E63C55721AAD31B00D869DF /* AppDelegate.swift */ = {isa = PBXFileReference; lastKnownFileType = sourcecode.swift; path = AppDelegate.swift; sourceTree = "<group>"; };
		2E63C55921AAD31B00D869DF /* LoginViewController.swift */ = {isa = PBXFileReference; lastKnownFileType = sourcecode.swift; path = LoginViewController.swift; sourceTree = "<group>"; };
		2E63C55C21AAD31B00D869DF /* Base */ = {isa = PBXFileReference; lastKnownFileType = file.storyboard; name = Base; path = Base.lproj/Main.storyboard; sourceTree = "<group>"; };
		2E63C55E21AAD31B00D869DF /* Assets.xcassets */ = {isa = PBXFileReference; lastKnownFileType = folder.assetcatalog; path = Assets.xcassets; sourceTree = "<group>"; };
		2E63C56121AAD31B00D869DF /* Base */ = {isa = PBXFileReference; lastKnownFileType = file.storyboard; name = Base; path = Base.lproj/LaunchScreen.storyboard; sourceTree = "<group>"; };
		2E63C56321AAD31B00D869DF /* Info.plist */ = {isa = PBXFileReference; lastKnownFileType = text.plist.xml; path = Info.plist; sourceTree = "<group>"; };
		2E63C56B21AADA7300D869DF /* Login.storyboard */ = {isa = PBXFileReference; lastKnownFileType = file.storyboard; path = Login.storyboard; sourceTree = "<group>"; };
		2E63C57621AD2A3700D869DF /* SocialLoginButton.swift */ = {isa = PBXFileReference; lastKnownFileType = sourcecode.swift; path = SocialLoginButton.swift; sourceTree = "<group>"; };
		2E63C57821AD3A6D00D869DF /* SignInViewController.swift */ = {isa = PBXFileReference; lastKnownFileType = sourcecode.swift; path = SignInViewController.swift; sourceTree = "<group>"; };
		2E63C57A21AD3D8400D869DF /* TermsViewController.swift */ = {isa = PBXFileReference; lastKnownFileType = sourcecode.swift; path = TermsViewController.swift; sourceTree = "<group>"; };
		2E63C57C21AE29E400D869DF /* SocialLoginTextField.swift */ = {isa = PBXFileReference; lastKnownFileType = sourcecode.swift; path = SocialLoginTextField.swift; sourceTree = "<group>"; };
		2E95B70C21BA4FF7002C7EA4 /* SavedInformation.swift */ = {isa = PBXFileReference; lastKnownFileType = sourcecode.swift; path = SavedInformation.swift; sourceTree = "<group>"; };
		6A00BAE621B8AEA400DE07AC /* ExploreViewStoryBoard.swift */ = {isa = PBXFileReference; lastKnownFileType = sourcecode.swift; path = ExploreViewStoryBoard.swift; sourceTree = "<group>"; };
		6A01658321ABC73600F69171 /* SavedItemCell.swift */ = {isa = PBXFileReference; lastKnownFileType = sourcecode.swift; path = SavedItemCell.swift; sourceTree = "<group>"; };
		6A021DA321AD39D80094A298 /* CalenderViewController.swift */ = {isa = PBXFileReference; lastKnownFileType = sourcecode.swift; path = CalenderViewController.swift; sourceTree = "<group>"; };
		6A021DA621AD3D6E0094A298 /* GuestViewController.swift */ = {isa = PBXFileReference; lastKnownFileType = sourcecode.swift; path = GuestViewController.swift; sourceTree = "<group>"; };
		6A08BC9B21AF79A200266A58 /* ListingInformation.swift */ = {isa = PBXFileReference; lastKnownFileType = sourcecode.swift; path = ListingInformation.swift; sourceTree = "<group>"; };
		6A1CE40721AFDF7E00C30FCF /* CustomCalendarCell.swift */ = {isa = PBXFileReference; lastKnownFileType = sourcecode.swift; path = CustomCalendarCell.swift; sourceTree = "<group>"; };
		6A6C3C1521AE6EB80080AE7D /* HomesAroundTheWorldCollectionViewCell.swift */ = {isa = PBXFileReference; lastKnownFileType = sourcecode.swift; path = HomesAroundTheWorldCollectionViewCell.swift; sourceTree = "<group>"; };
		6A9374EE21AB98EF00E641D5 /* SavedViewController.swift */ = {isa = PBXFileReference; lastKnownFileType = sourcecode.swift; path = SavedViewController.swift; sourceTree = "<group>"; };
		6A9374F021AB995D00E641D5 /* ExploreViewController.swift */ = {isa = PBXFileReference; lastKnownFileType = sourcecode.swift; path = ExploreViewController.swift; sourceTree = "<group>"; };
		6A9374F221AB999900E641D5 /* TripsViewController.swift */ = {isa = PBXFileReference; lastKnownFileType = sourcecode.swift; path = TripsViewController.swift; sourceTree = "<group>"; };
		6A9374F421AB99CA00E641D5 /* InboxViewController.swift */ = {isa = PBXFileReference; lastKnownFileType = sourcecode.swift; path = InboxViewController.swift; sourceTree = "<group>"; };
		6AA6300C21B7962000E888AD /* DetailExploreViewTableViewCell.swift */ = {isa = PBXFileReference; lastKnownFileType = sourcecode.swift; path = DetailExploreViewTableViewCell.swift; sourceTree = "<group>"; };
		6AFCCF5721AE666B004D5997 /* HomesAroundTheWorldTableViewCell.swift */ = {isa = PBXFileReference; lastKnownFileType = sourcecode.swift; path = HomesAroundTheWorldTableViewCell.swift; sourceTree = "<group>"; };
		6AFF2E2F21B77DDE00CADD5D /* DetailViewController.swift */ = {isa = PBXFileReference; lastKnownFileType = sourcecode.swift; path = DetailViewController.swift; sourceTree = "<group>"; };
		6AFF2E3121B7872200CADD5D /* TestViewController.swift */ = {isa = PBXFileReference; lastKnownFileType = sourcecode.swift; path = TestViewController.swift; sourceTree = "<group>"; };
		7E0E29B821B711AF00AA44F6 /* InviteFriendTableViewController.swift */ = {isa = PBXFileReference; lastKnownFileType = sourcecode.swift; path = InviteFriendTableViewController.swift; sourceTree = "<group>"; };
		7E0E29BA21B711C900AA44F6 /* InviteFriendCell.swift */ = {isa = PBXFileReference; lastKnownFileType = sourcecode.swift; path = InviteFriendCell.swift; sourceTree = "<group>"; };
		7E0E29BC21B711DE00AA44F6 /* InviteFriendList.swift */ = {isa = PBXFileReference; lastKnownFileType = sourcecode.swift; path = InviteFriendList.swift; sourceTree = "<group>"; };
		7E0E29BF21B714D400AA44F6 /* RecommendHostsTableViewController.swift */ = {isa = PBXFileReference; lastKnownFileType = sourcecode.swift; path = RecommendHostsTableViewController.swift; sourceTree = "<group>"; };
		7E0E29C121B714DE00AA44F6 /* RecommendHostsCell.swift */ = {isa = PBXFileReference; lastKnownFileType = sourcecode.swift; path = RecommendHostsCell.swift; sourceTree = "<group>"; };
		7E0E29C321B714EA00AA44F6 /* RecommendHostsList.swift */ = {isa = PBXFileReference; lastKnownFileType = sourcecode.swift; path = RecommendHostsList.swift; sourceTree = "<group>"; };
		7E0E29C621B7199500AA44F6 /* SettingTableViewController.swift */ = {isa = PBXFileReference; lastKnownFileType = sourcecode.swift; path = SettingTableViewController.swift; sourceTree = "<group>"; };
		7E0E29C821B719A100AA44F6 /* SettingCell.swift */ = {isa = PBXFileReference; lastKnownFileType = sourcecode.swift; path = SettingCell.swift; sourceTree = "<group>"; };
		7E0E29CA21B719BA00AA44F6 /* SettingList.swift */ = {isa = PBXFileReference; lastKnownFileType = sourcecode.swift; path = SettingList.swift; sourceTree = "<group>"; };
		7E19C65321B017C500684D18 /* ProfileCell.swift */ = {isa = PBXFileReference; lastKnownFileType = sourcecode.swift; path = ProfileCell.swift; sourceTree = "<group>"; };
		7E19C65521B01A2100684D18 /* ProfileList.swift */ = {isa = PBXFileReference; lastKnownFileType = sourcecode.swift; path = ProfileList.swift; sourceTree = "<group>"; };
		7E19C6A121B06E4200684D18 /* ProfileButton.swift */ = {isa = PBXFileReference; lastKnownFileType = sourcecode.swift; path = ProfileButton.swift; sourceTree = "<group>"; };
		7E830CEB21ABA3130061C816 /* ProfileViewController.swift */ = {isa = PBXFileReference; lastKnownFileType = sourcecode.swift; path = ProfileViewController.swift; sourceTree = "<group>"; };
		8ABFD09ECB81A9AB7476F7C1 /* Pods_fastbnb.framework */ = {isa = PBXFileReference; explicitFileType = wrapper.framework; includeInIndex = 0; path = Pods_fastbnb.framework; sourceTree = BUILT_PRODUCTS_DIR; };
		CF5C4E984271A7185E8CD76C /* Pods-fastbnb.release.xcconfig */ = {isa = PBXFileReference; includeInIndex = 1; lastKnownFileType = text.xcconfig; name = "Pods-fastbnb.release.xcconfig"; path = "Pods/Target Support Files/Pods-fastbnb/Pods-fastbnb.release.xcconfig"; sourceTree = "<group>"; };
		ED7426005778A4C3FE77BCDC /* Pods-fastbnb.debug.xcconfig */ = {isa = PBXFileReference; includeInIndex = 1; lastKnownFileType = text.xcconfig; name = "Pods-fastbnb.debug.xcconfig"; path = "Pods/Target Support Files/Pods-fastbnb/Pods-fastbnb.debug.xcconfig"; sourceTree = "<group>"; };
/* End PBXFileReference section */

/* Begin PBXFrameworksBuildPhase section */
		2E63C55121AAD31B00D869DF /* Frameworks */ = {
			isa = PBXFrameworksBuildPhase;
			buildActionMask = 2147483647;
			files = (
				8317A8E6FEAF1CF8548E15D4 /* Pods_fastbnb.framework in Frameworks */,
			);
			runOnlyForDeploymentPostprocessing = 0;
		};
/* End PBXFrameworksBuildPhase section */

/* Begin PBXGroup section */
		2E63C54B21AAD31B00D869DF = {
			isa = PBXGroup;
			children = (
				2E63C55621AAD31B00D869DF /* fastbnb */,
				2E63C55521AAD31B00D869DF /* Products */,
				7DF911FA73109CE17C93F7CB /* Pods */,
				4B7166D4AB3AB2F220F4313C /* Frameworks */,
			);
			sourceTree = "<group>";
		};
		2E63C55521AAD31B00D869DF /* Products */ = {
			isa = PBXGroup;
			children = (
				2E63C55421AAD31B00D869DF /* fastbnb.app */,
			);
			name = Products;
			sourceTree = "<group>";
		};
		2E63C55621AAD31B00D869DF /* fastbnb */ = {
			isa = PBXGroup;
			children = (
				2E63C55721AAD31B00D869DF /* AppDelegate.swift */,
				2E63C55E21AAD31B00D869DF /* Assets.xcassets */,
				2E63C56321AAD31B00D869DF /* Info.plist */,
				2E63C56021AAD31B00D869DF /* LaunchScreen.storyboard */,
				6A01658221ABC6FF00F69171 /* Model */,
				2E63C56A21AADA0D00D869DF /* Storyboard */,
				2E63C57521AD2A1F00D869DF /* View */,
				2E63C56921AAD99600D869DF /* ViewController */,
			);
			path = fastbnb;
			sourceTree = "<group>";
		};
		2E63C56921AAD99600D869DF /* ViewController */ = {
			isa = PBXGroup;
			children = (
				6A021DA521AD3D350094A298 /* ExploreView */,
				6AAAFC5B21AE2726006EAEB7 /* InboxView */,
				6AAAFC5C21AE2750006EAEB7 /* ProfileView */,
				6AAAFC5D21AE2775006EAEB7 /* SavedView */,
				6AAAFC5E21AE277E006EAEB7 /* LogInView */,
				6AAAFC5F21AE27BB006EAEB7 /* TripView */,
				6AFF2E3121B7872200CADD5D /* TestViewController.swift */,
			);
			path = ViewController;
			sourceTree = "<group>";
		};
		2E63C56A21AADA0D00D869DF /* Storyboard */ = {
			isa = PBXGroup;
			children = (
				2E63C56B21AADA7300D869DF /* Login.storyboard */,
				6AFD1EE621B6390B00DB1A96 /* Main.storyboard */,
			);
			path = Storyboard;
			sourceTree = "<group>";
		};
		2E63C57521AD2A1F00D869DF /* View */ = {
			isa = PBXGroup;
			children = (
				6AA6300C21B7962000E888AD /* DetailExploreViewTableViewCell.swift */,
				2E0AC98221B7B4DD009E666D /* InboxMessageView.swift */,
				2E46FE0B21B4BD4F0046E5E7 /* InboxTableViewCell.swift */,
				2E63C57621AD2A3700D869DF /* SocialLoginButton.swift */,
				2E63C57C21AE29E400D869DF /* SocialLoginTextField.swift */,
			);
			path = View;
			sourceTree = "<group>";
		};
		4B7166D4AB3AB2F220F4313C /* Frameworks */ = {
			isa = PBXGroup;
			children = (
				8ABFD09ECB81A9AB7476F7C1 /* Pods_fastbnb.framework */,
			);
			name = Frameworks;
			sourceTree = "<group>";
		};
		6A01658221ABC6FF00F69171 /* Model */ = {
			isa = PBXGroup;
			children = (
				6A1CE40721AFDF7E00C30FCF /* CustomCalendarCell.swift */,
				6A00BAE621B8AEA400DE07AC /* ExploreViewStoryBoard.swift */,
				6A6C3C1521AE6EB80080AE7D /* HomesAroundTheWorldCollectionViewCell.swift */,
				6AFCCF5721AE666B004D5997 /* HomesAroundTheWorldTableViewCell.swift */,
				6A08BC9B21AF79A200266A58 /* ListingInformation.swift */,
				7E19C65321B017C500684D18 /* ProfileCell.swift */,
				2E95B70C21BA4FF7002C7EA4 /* SavedInformation.swift */,
				6A01658321ABC73600F69171 /* SavedItemCell.swift */,
			);
			name = Model;
			path = "New Group";
			sourceTree = "<group>";
		};
		6A021DA521AD3D350094A298 /* ExploreView */ = {
			isa = PBXGroup;
			children = (
				6A021DA321AD39D80094A298 /* CalenderViewController.swift */,
				6A9374F021AB995D00E641D5 /* ExploreViewController.swift */,
				6A021DA621AD3D6E0094A298 /* GuestViewController.swift */,
				6AFF2E2F21B77DDE00CADD5D /* DetailViewController.swift */,
			);
			path = ExploreView;
			sourceTree = "<group>";
		};
		6AAAFC5B21AE2726006EAEB7 /* InboxView */ = {
			isa = PBXGroup;
			children = (
				2E46FE0921AFCF8B0046E5E7 /* InboxDetailViewController.swift */,
				6A9374F421AB99CA00E641D5 /* InboxViewController.swift */,
			);
			path = InboxView;
			sourceTree = "<group>";
		};
		6AAAFC5C21AE2750006EAEB7 /* ProfileView */ = {
			isa = PBXGroup;
			children = (
				7E0E29AF21B7100C00AA44F6 /* InviteFriend */,
				7E19C6A121B06E4200684D18 /* ProfileButton.swift */,
				7E19C65521B01A2100684D18 /* ProfileList.swift */,
				7E830CEB21ABA3130061C816 /* ProfileViewController.swift */,
				7E0E29BE21B714B400AA44F6 /* RecommendHosts */,
				7E0E29C521B7197D00AA44F6 /* Setting */,
			);
			path = ProfileView;
			sourceTree = "<group>";
		};
		6AAAFC5D21AE2775006EAEB7 /* SavedView */ = {
			isa = PBXGroup;
			children = (
				6A9374EE21AB98EF00E641D5 /* SavedViewController.swift */,
			);
			path = SavedView;
			sourceTree = "<group>";
		};
		6AAAFC5E21AE277E006EAEB7 /* LogInView */ = {
			isa = PBXGroup;
			children = (
				2E63C57A21AD3D8400D869DF /* TermsViewController.swift */,
				2E63C55921AAD31B00D869DF /* LoginViewController.swift */,
				2E63C57821AD3A6D00D869DF /* SignInViewController.swift */,
			);
			path = LogInView;
			sourceTree = "<group>";
		};
		6AAAFC5F21AE27BB006EAEB7 /* TripView */ = {
			isa = PBXGroup;
			children = (
				6A9374F221AB999900E641D5 /* TripsViewController.swift */,
			);
			path = TripView;
			sourceTree = "<group>";
		};
		6AFD1EE621B6390B00DB1A96 /* Main.storyboard */ = {
			isa = PBXGroup;
			children = (
				2E63C55B21AAD31B00D869DF /* Main.storyboard */,
			);
			path = Main.storyboard;
			sourceTree = "<group>";
		};
		7DF911FA73109CE17C93F7CB /* Pods */ = {
			isa = PBXGroup;
			children = (
				ED7426005778A4C3FE77BCDC /* Pods-fastbnb.debug.xcconfig */,
				CF5C4E984271A7185E8CD76C /* Pods-fastbnb.release.xcconfig */,
			);
			name = Pods;
			sourceTree = "<group>";
		};
		7E0E29AF21B7100C00AA44F6 /* InviteFriend */ = {
			isa = PBXGroup;
			children = (
				7E0E29BA21B711C900AA44F6 /* InviteFriendCell.swift */,
				7E0E29BC21B711DE00AA44F6 /* InviteFriendList.swift */,
				7E0E29B821B711AF00AA44F6 /* InviteFriendTableViewController.swift */,
			);
			path = InviteFriend;
			sourceTree = "<group>";
		};
		7E0E29BE21B714B400AA44F6 /* RecommendHosts */ = {
			isa = PBXGroup;
			children = (
				7E0E29C121B714DE00AA44F6 /* RecommendHostsCell.swift */,
				7E0E29C321B714EA00AA44F6 /* RecommendHostsList.swift */,
				7E0E29BF21B714D400AA44F6 /* RecommendHostsTableViewController.swift */,
			);
			path = RecommendHosts;
			sourceTree = "<group>";
		};
		7E0E29C521B7197D00AA44F6 /* Setting */ = {
			isa = PBXGroup;
			children = (
				7E0E29C821B719A100AA44F6 /* SettingCell.swift */,
				7E0E29CA21B719BA00AA44F6 /* SettingList.swift */,
				7E0E29C621B7199500AA44F6 /* SettingTableViewController.swift */,
			);
			path = Setting;
			sourceTree = "<group>";
		};
/* End PBXGroup section */

/* Begin PBXNativeTarget section */
		2E63C55321AAD31B00D869DF /* fastbnb */ = {
			isa = PBXNativeTarget;
			buildConfigurationList = 2E63C56621AAD31B00D869DF /* Build configuration list for PBXNativeTarget "fastbnb" */;
			buildPhases = (
				1CB8781F4A5986DA12EF3023 /* [CP] Check Pods Manifest.lock */,
				2E63C55021AAD31B00D869DF /* Sources */,
				2E63C55121AAD31B00D869DF /* Frameworks */,
				2E63C55221AAD31B00D869DF /* Resources */,
				8BBD8D9CF227B5A4DA69AAC3 /* [CP] Embed Pods Frameworks */,
				0E04D72EC82E85DE01080DAE /* [CP] Copy Pods Resources */,
			);
			buildRules = (
			);
			dependencies = (
			);
			name = fastbnb;
			productName = fastbnb;
			productReference = 2E63C55421AAD31B00D869DF /* fastbnb.app */;
			productType = "com.apple.product-type.application";
		};
/* End PBXNativeTarget section */

/* Begin PBXProject section */
		2E63C54C21AAD31B00D869DF /* Project object */ = {
			isa = PBXProject;
			attributes = {
				LastSwiftUpdateCheck = 1010;
				LastUpgradeCheck = 1010;
				ORGANIZATIONNAME = fastcampus;
				TargetAttributes = {
					2E63C55321AAD31B00D869DF = {
						CreatedOnToolsVersion = 10.1;
					};
				};
			};
			buildConfigurationList = 2E63C54F21AAD31B00D869DF /* Build configuration list for PBXProject "fastbnb" */;
			compatibilityVersion = "Xcode 9.3";
			developmentRegion = en;
			hasScannedForEncodings = 0;
			knownRegions = (
				en,
				Base,
			);
			mainGroup = 2E63C54B21AAD31B00D869DF;
			productRefGroup = 2E63C55521AAD31B00D869DF /* Products */;
			projectDirPath = "";
			projectRoot = "";
			targets = (
				2E63C55321AAD31B00D869DF /* fastbnb */,
			);
		};
/* End PBXProject section */

/* Begin PBXResourcesBuildPhase section */
		2E63C55221AAD31B00D869DF /* Resources */ = {
			isa = PBXResourcesBuildPhase;
			buildActionMask = 2147483647;
			files = (
				2E63C56C21AADA7300D869DF /* Login.storyboard in Resources */,
				2E63C56221AAD31B00D869DF /* LaunchScreen.storyboard in Resources */,
				2E63C55F21AAD31B00D869DF /* Assets.xcassets in Resources */,
				2E63C55D21AAD31B00D869DF /* Main.storyboard in Resources */,
			);
			runOnlyForDeploymentPostprocessing = 0;
		};
/* End PBXResourcesBuildPhase section */

/* Begin PBXShellScriptBuildPhase section */
		0E04D72EC82E85DE01080DAE /* [CP] Copy Pods Resources */ = {
			isa = PBXShellScriptBuildPhase;
			buildActionMask = 2147483647;
			files = (
			);
			inputFileListPaths = (
			);
			inputPaths = (
				"${SRCROOT}/Pods/Target Support Files/Pods-fastbnb/Pods-fastbnb-resources.sh",
				"${PODS_ROOT}/GoogleSignIn/Resources/GoogleSignIn.bundle",
			);
			name = "[CP] Copy Pods Resources";
			outputFileListPaths = (
			);
			outputPaths = (
				"${TARGET_BUILD_DIR}/${UNLOCALIZED_RESOURCES_FOLDER_PATH}/GoogleSignIn.bundle",
			);
			runOnlyForDeploymentPostprocessing = 0;
			shellPath = /bin/sh;
			shellScript = "\"${SRCROOT}/Pods/Target Support Files/Pods-fastbnb/Pods-fastbnb-resources.sh\"\n";
			showEnvVarsInLog = 0;
		};
		1CB8781F4A5986DA12EF3023 /* [CP] Check Pods Manifest.lock */ = {
			isa = PBXShellScriptBuildPhase;
			buildActionMask = 2147483647;
			files = (
			);
			inputFileListPaths = (
			);
			inputPaths = (
				"${PODS_PODFILE_DIR_PATH}/Podfile.lock",
				"${PODS_ROOT}/Manifest.lock",
			);
			name = "[CP] Check Pods Manifest.lock";
			outputFileListPaths = (
			);
			outputPaths = (
				"$(DERIVED_FILE_DIR)/Pods-fastbnb-checkManifestLockResult.txt",
			);
			runOnlyForDeploymentPostprocessing = 0;
			shellPath = /bin/sh;
			shellScript = "diff \"${PODS_PODFILE_DIR_PATH}/Podfile.lock\" \"${PODS_ROOT}/Manifest.lock\" > /dev/null\nif [ $? != 0 ] ; then\n    # print error to STDERR\n    echo \"error: The sandbox is not in sync with the Podfile.lock. Run 'pod install' or update your CocoaPods installation.\" >&2\n    exit 1\nfi\n# This output is used by Xcode 'outputs' to avoid re-running this script phase.\necho \"SUCCESS\" > \"${SCRIPT_OUTPUT_FILE_0}\"\n";
			showEnvVarsInLog = 0;
		};
		8BBD8D9CF227B5A4DA69AAC3 /* [CP] Embed Pods Frameworks */ = {
			isa = PBXShellScriptBuildPhase;
			buildActionMask = 2147483647;
			files = (
			);
			inputFileListPaths = (
			);
			inputPaths = (
				"${SRCROOT}/Pods/Target Support Files/Pods-fastbnb/Pods-fastbnb-frameworks.sh",
				"${BUILT_PRODUCTS_DIR}/Alamofire/Alamofire.framework",
				"${BUILT_PRODUCTS_DIR}/AloeStackView/AloeStackView.framework",
				"${BUILT_PRODUCTS_DIR}/Bolts/Bolts.framework",
				"${BUILT_PRODUCTS_DIR}/FBSDKCoreKit/FBSDKCoreKit.framework",
				"${BUILT_PRODUCTS_DIR}/FBSDKLoginKit/FBSDKLoginKit.framework",
				"${BUILT_PRODUCTS_DIR}/FBSDKShareKit/FBSDKShareKit.framework",
				"${BUILT_PRODUCTS_DIR}/FacebookCore/FacebookCore.framework",
				"${BUILT_PRODUCTS_DIR}/FacebookLogin/FacebookLogin.framework",
				"${BUILT_PRODUCTS_DIR}/FacebookShare/FacebookShare.framework",
				"${BUILT_PRODUCTS_DIR}/GTMSessionFetcher/GTMSessionFetcher.framework",
				"${BUILT_PRODUCTS_DIR}/GoogleToolboxForMac/GoogleToolboxForMac.framework",
				"${BUILT_PRODUCTS_DIR}/JTAppleCalendar/JTAppleCalendar.framework",
				"${BUILT_PRODUCTS_DIR}/Kingfisher/Kingfisher.framework",
				"${BUILT_PRODUCTS_DIR}/SnapKit/SnapKit.framework",
			);
			name = "[CP] Embed Pods Frameworks";
			outputFileListPaths = (
			);
			outputPaths = (
				"${TARGET_BUILD_DIR}/${FRAMEWORKS_FOLDER_PATH}/Alamofire.framework",
				"${TARGET_BUILD_DIR}/${FRAMEWORKS_FOLDER_PATH}/AloeStackView.framework",
				"${TARGET_BUILD_DIR}/${FRAMEWORKS_FOLDER_PATH}/Bolts.framework",
				"${TARGET_BUILD_DIR}/${FRAMEWORKS_FOLDER_PATH}/FBSDKCoreKit.framework",
				"${TARGET_BUILD_DIR}/${FRAMEWORKS_FOLDER_PATH}/FBSDKLoginKit.framework",
				"${TARGET_BUILD_DIR}/${FRAMEWORKS_FOLDER_PATH}/FBSDKShareKit.framework",
				"${TARGET_BUILD_DIR}/${FRAMEWORKS_FOLDER_PATH}/FacebookCore.framework",
				"${TARGET_BUILD_DIR}/${FRAMEWORKS_FOLDER_PATH}/FacebookLogin.framework",
				"${TARGET_BUILD_DIR}/${FRAMEWORKS_FOLDER_PATH}/FacebookShare.framework",
				"${TARGET_BUILD_DIR}/${FRAMEWORKS_FOLDER_PATH}/GTMSessionFetcher.framework",
				"${TARGET_BUILD_DIR}/${FRAMEWORKS_FOLDER_PATH}/GoogleToolboxForMac.framework",
				"${TARGET_BUILD_DIR}/${FRAMEWORKS_FOLDER_PATH}/JTAppleCalendar.framework",
				"${TARGET_BUILD_DIR}/${FRAMEWORKS_FOLDER_PATH}/Kingfisher.framework",
				"${TARGET_BUILD_DIR}/${FRAMEWORKS_FOLDER_PATH}/SnapKit.framework",
			);
			runOnlyForDeploymentPostprocessing = 0;
			shellPath = /bin/sh;
			shellScript = "\"${SRCROOT}/Pods/Target Support Files/Pods-fastbnb/Pods-fastbnb-frameworks.sh\"\n";
			showEnvVarsInLog = 0;
		};
/* End PBXShellScriptBuildPhase section */

/* Begin PBXSourcesBuildPhase section */
		2E63C55021AAD31B00D869DF /* Sources */ = {
			isa = PBXSourcesBuildPhase;
			buildActionMask = 2147483647;
			files = (
				6AFF2E3221B7872200CADD5D /* TestViewController.swift in Sources */,
				2E63C57921AD3A6D00D869DF /* SignInViewController.swift in Sources */,
				6AFF2E3021B77DDE00CADD5D /* DetailViewController.swift in Sources */,
				7E0E29C721B7199500AA44F6 /* SettingTableViewController.swift in Sources */,
				2E0AC98321B7B4DD009E666D /* InboxMessageView.swift in Sources */,
				6AFCCF5821AE666B004D5997 /* HomesAroundTheWorldTableViewCell.swift in Sources */,
				2E63C57D21AE29E400D869DF /* SocialLoginTextField.swift in Sources */,
				7E0E29B921B711AF00AA44F6 /* InviteFriendTableViewController.swift in Sources */,
				7E19C6A221B06E4200684D18 /* ProfileButton.swift in Sources */,
				2E95B70D21BA4FF7002C7EA4 /* SavedInformation.swift in Sources */,
				6A01658421ABC73600F69171 /* SavedItemCell.swift in Sources */,
				7E0E29BB21B711C900AA44F6 /* InviteFriendCell.swift in Sources */,
				6A021DA421AD39D80094A298 /* CalenderViewController.swift in Sources */,
				6A9374F121AB995D00E641D5 /* ExploreViewController.swift in Sources */,
				7E0E29C921B719A100AA44F6 /* SettingCell.swift in Sources */,
				7E0E29CB21B719BA00AA44F6 /* SettingList.swift in Sources */,
				6A00BAE721B8AEA400DE07AC /* ExploreViewStoryBoard.swift in Sources */,
				7E19C65421B017C500684D18 /* ProfileCell.swift in Sources */,
				7E0E29C421B714EA00AA44F6 /* RecommendHostsList.swift in Sources */,
				6A9374F521AB99CA00E641D5 /* InboxViewController.swift in Sources */,
				6A9374EF21AB98EF00E641D5 /* SavedViewController.swift in Sources */,
				7E0E29C021B714D400AA44F6 /* RecommendHostsTableViewController.swift in Sources */,
				2E63C57721AD2A3700D869DF /* SocialLoginButton.swift in Sources */,
				6A021DA721AD3D6E0094A298 /* GuestViewController.swift in Sources */,
				6A1CE40821AFDF7E00C30FCF /* CustomCalendarCell.swift in Sources */,
				7E19C65621B01A2100684D18 /* ProfileList.swift in Sources */,
				2E46FE0C21B4BD4F0046E5E7 /* InboxTableViewCell.swift in Sources */,
				6A6C3C1621AE6EB80080AE7D /* HomesAroundTheWorldCollectionViewCell.swift in Sources */,
				2E63C57721AD2A3700D869DF /* SocialLoginButton.swift in Sources */,
				2E46FE0A21AFCF8B0046E5E7 /* InboxDetailViewController.swift in Sources */,
				6A08BC9C21AF79A200266A58 /* ListingInformation.swift in Sources */,
				2E63C55A21AAD31B00D869DF /* LoginViewController.swift in Sources */,
				7E830CEC21ABA3130061C816 /* ProfileViewController.swift in Sources */,
				7E0E29BD21B711DE00AA44F6 /* InviteFriendList.swift in Sources */,
				6AA6300D21B7962000E888AD /* DetailExploreViewTableViewCell.swift in Sources */,
				2E63C55821AAD31B00D869DF /* AppDelegate.swift in Sources */,
				2E63C57B21AD3D8400D869DF /* TermsViewController.swift in Sources */,
				7E0E29C221B714DE00AA44F6 /* RecommendHostsCell.swift in Sources */,
				6A9374F321AB999900E641D5 /* TripsViewController.swift in Sources */,
			);
			runOnlyForDeploymentPostprocessing = 0;
		};
/* End PBXSourcesBuildPhase section */

/* Begin PBXVariantGroup section */
		2E63C55B21AAD31B00D869DF /* Main.storyboard */ = {
			isa = PBXVariantGroup;
			children = (
				2E63C55C21AAD31B00D869DF /* Base */,
			);
			name = Main.storyboard;
			sourceTree = "<group>";
		};
		2E63C56021AAD31B00D869DF /* LaunchScreen.storyboard */ = {
			isa = PBXVariantGroup;
			children = (
				2E63C56121AAD31B00D869DF /* Base */,
			);
			name = LaunchScreen.storyboard;
			sourceTree = "<group>";
		};
/* End PBXVariantGroup section */

/* Begin XCBuildConfiguration section */
		2E63C56421AAD31B00D869DF /* Debug */ = {
			isa = XCBuildConfiguration;
			buildSettings = {
				ALWAYS_SEARCH_USER_PATHS = NO;
				CLANG_ANALYZER_NONNULL = YES;
				CLANG_ANALYZER_NUMBER_OBJECT_CONVERSION = YES_AGGRESSIVE;
				CLANG_CXX_LANGUAGE_STANDARD = "gnu++14";
				CLANG_CXX_LIBRARY = "libc++";
				CLANG_ENABLE_MODULES = YES;
				CLANG_ENABLE_OBJC_ARC = YES;
				CLANG_ENABLE_OBJC_WEAK = YES;
				CLANG_WARN_BLOCK_CAPTURE_AUTORELEASING = YES;
				CLANG_WARN_BOOL_CONVERSION = YES;
				CLANG_WARN_COMMA = YES;
				CLANG_WARN_CONSTANT_CONVERSION = YES;
				CLANG_WARN_DEPRECATED_OBJC_IMPLEMENTATIONS = YES;
				CLANG_WARN_DIRECT_OBJC_ISA_USAGE = YES_ERROR;
				CLANG_WARN_DOCUMENTATION_COMMENTS = YES;
				CLANG_WARN_EMPTY_BODY = YES;
				CLANG_WARN_ENUM_CONVERSION = YES;
				CLANG_WARN_INFINITE_RECURSION = YES;
				CLANG_WARN_INT_CONVERSION = YES;
				CLANG_WARN_NON_LITERAL_NULL_CONVERSION = YES;
				CLANG_WARN_OBJC_IMPLICIT_RETAIN_SELF = YES;
				CLANG_WARN_OBJC_LITERAL_CONVERSION = YES;
				CLANG_WARN_OBJC_ROOT_CLASS = YES_ERROR;
				CLANG_WARN_RANGE_LOOP_ANALYSIS = YES;
				CLANG_WARN_STRICT_PROTOTYPES = YES;
				CLANG_WARN_SUSPICIOUS_MOVE = YES;
				CLANG_WARN_UNGUARDED_AVAILABILITY = YES_AGGRESSIVE;
				CLANG_WARN_UNREACHABLE_CODE = YES;
				CLANG_WARN__DUPLICATE_METHOD_MATCH = YES;
				CODE_SIGN_IDENTITY = "iPhone Developer";
				COPY_PHASE_STRIP = NO;
				DEBUG_INFORMATION_FORMAT = dwarf;
				ENABLE_STRICT_OBJC_MSGSEND = YES;
				ENABLE_TESTABILITY = YES;
				GCC_C_LANGUAGE_STANDARD = gnu11;
				GCC_DYNAMIC_NO_PIC = NO;
				GCC_NO_COMMON_BLOCKS = YES;
				GCC_OPTIMIZATION_LEVEL = 0;
				GCC_PREPROCESSOR_DEFINITIONS = (
					"DEBUG=1",
					"$(inherited)",
				);
				GCC_WARN_64_TO_32_BIT_CONVERSION = YES;
				GCC_WARN_ABOUT_RETURN_TYPE = YES_ERROR;
				GCC_WARN_UNDECLARED_SELECTOR = YES;
				GCC_WARN_UNINITIALIZED_AUTOS = YES_AGGRESSIVE;
				GCC_WARN_UNUSED_FUNCTION = YES;
				GCC_WARN_UNUSED_VARIABLE = YES;
				IPHONEOS_DEPLOYMENT_TARGET = 12.1;
				MTL_ENABLE_DEBUG_INFO = INCLUDE_SOURCE;
				MTL_FAST_MATH = YES;
				ONLY_ACTIVE_ARCH = YES;
				SDKROOT = iphoneos;
				SWIFT_ACTIVE_COMPILATION_CONDITIONS = DEBUG;
				SWIFT_OPTIMIZATION_LEVEL = "-Onone";
			};
			name = Debug;
		};
		2E63C56521AAD31B00D869DF /* Release */ = {
			isa = XCBuildConfiguration;
			buildSettings = {
				ALWAYS_SEARCH_USER_PATHS = NO;
				CLANG_ANALYZER_NONNULL = YES;
				CLANG_ANALYZER_NUMBER_OBJECT_CONVERSION = YES_AGGRESSIVE;
				CLANG_CXX_LANGUAGE_STANDARD = "gnu++14";
				CLANG_CXX_LIBRARY = "libc++";
				CLANG_ENABLE_MODULES = YES;
				CLANG_ENABLE_OBJC_ARC = YES;
				CLANG_ENABLE_OBJC_WEAK = YES;
				CLANG_WARN_BLOCK_CAPTURE_AUTORELEASING = YES;
				CLANG_WARN_BOOL_CONVERSION = YES;
				CLANG_WARN_COMMA = YES;
				CLANG_WARN_CONSTANT_CONVERSION = YES;
				CLANG_WARN_DEPRECATED_OBJC_IMPLEMENTATIONS = YES;
				CLANG_WARN_DIRECT_OBJC_ISA_USAGE = YES_ERROR;
				CLANG_WARN_DOCUMENTATION_COMMENTS = YES;
				CLANG_WARN_EMPTY_BODY = YES;
				CLANG_WARN_ENUM_CONVERSION = YES;
				CLANG_WARN_INFINITE_RECURSION = YES;
				CLANG_WARN_INT_CONVERSION = YES;
				CLANG_WARN_NON_LITERAL_NULL_CONVERSION = YES;
				CLANG_WARN_OBJC_IMPLICIT_RETAIN_SELF = YES;
				CLANG_WARN_OBJC_LITERAL_CONVERSION = YES;
				CLANG_WARN_OBJC_ROOT_CLASS = YES_ERROR;
				CLANG_WARN_RANGE_LOOP_ANALYSIS = YES;
				CLANG_WARN_STRICT_PROTOTYPES = YES;
				CLANG_WARN_SUSPICIOUS_MOVE = YES;
				CLANG_WARN_UNGUARDED_AVAILABILITY = YES_AGGRESSIVE;
				CLANG_WARN_UNREACHABLE_CODE = YES;
				CLANG_WARN__DUPLICATE_METHOD_MATCH = YES;
				CODE_SIGN_IDENTITY = "iPhone Developer";
				COPY_PHASE_STRIP = NO;
				DEBUG_INFORMATION_FORMAT = "dwarf-with-dsym";
				ENABLE_NS_ASSERTIONS = NO;
				ENABLE_STRICT_OBJC_MSGSEND = YES;
				GCC_C_LANGUAGE_STANDARD = gnu11;
				GCC_NO_COMMON_BLOCKS = YES;
				GCC_WARN_64_TO_32_BIT_CONVERSION = YES;
				GCC_WARN_ABOUT_RETURN_TYPE = YES_ERROR;
				GCC_WARN_UNDECLARED_SELECTOR = YES;
				GCC_WARN_UNINITIALIZED_AUTOS = YES_AGGRESSIVE;
				GCC_WARN_UNUSED_FUNCTION = YES;
				GCC_WARN_UNUSED_VARIABLE = YES;
				IPHONEOS_DEPLOYMENT_TARGET = 12.1;
				MTL_ENABLE_DEBUG_INFO = NO;
				MTL_FAST_MATH = YES;
				SDKROOT = iphoneos;
				SWIFT_COMPILATION_MODE = wholemodule;
				SWIFT_OPTIMIZATION_LEVEL = "-O";
				VALIDATE_PRODUCT = YES;
			};
			name = Release;
		};
		2E63C56721AAD31B00D869DF /* Debug */ = {
			isa = XCBuildConfiguration;
			baseConfigurationReference = ED7426005778A4C3FE77BCDC /* Pods-fastbnb.debug.xcconfig */;
			buildSettings = {
				ASSETCATALOG_COMPILER_APPICON_NAME = AppIcon;
				CODE_SIGN_STYLE = Automatic;
				DEVELOPMENT_TEAM = G4MM77V7NH;
				INFOPLIST_FILE = fastbnb/Info.plist;
				LD_RUNPATH_SEARCH_PATHS = (
					"$(inherited)",
					"@executable_path/Frameworks",
				);
				PRODUCT_BUNDLE_IDENTIFIER = kr.fastcampus.fastbnb;
				PRODUCT_NAME = "$(TARGET_NAME)";
				SWIFT_VERSION = 4.2;
				TARGETED_DEVICE_FAMILY = "1,2";
			};
			name = Debug;
		};
		2E63C56821AAD31B00D869DF /* Release */ = {
			isa = XCBuildConfiguration;
			baseConfigurationReference = CF5C4E984271A7185E8CD76C /* Pods-fastbnb.release.xcconfig */;
			buildSettings = {
				ASSETCATALOG_COMPILER_APPICON_NAME = AppIcon;
				CODE_SIGN_STYLE = Automatic;
				DEVELOPMENT_TEAM = G4MM77V7NH;
				INFOPLIST_FILE = fastbnb/Info.plist;
				LD_RUNPATH_SEARCH_PATHS = (
					"$(inherited)",
					"@executable_path/Frameworks",
				);
				PRODUCT_BUNDLE_IDENTIFIER = kr.fastcampus.fastbnb;
				PRODUCT_NAME = "$(TARGET_NAME)";
				SWIFT_VERSION = 4.2;
				TARGETED_DEVICE_FAMILY = "1,2";
			};
			name = Release;
		};
/* End XCBuildConfiguration section */

/* Begin XCConfigurationList section */
		2E63C54F21AAD31B00D869DF /* Build configuration list for PBXProject "fastbnb" */ = {
			isa = XCConfigurationList;
			buildConfigurations = (
				2E63C56421AAD31B00D869DF /* Debug */,
				2E63C56521AAD31B00D869DF /* Release */,
			);
			defaultConfigurationIsVisible = 0;
			defaultConfigurationName = Release;
		};
		2E63C56621AAD31B00D869DF /* Build configuration list for PBXNativeTarget "fastbnb" */ = {
			isa = XCConfigurationList;
			buildConfigurations = (
				2E63C56721AAD31B00D869DF /* Debug */,
				2E63C56821AAD31B00D869DF /* Release */,
			);
			defaultConfigurationIsVisible = 0;
			defaultConfigurationName = Release;
		};
/* End XCConfigurationList section */
	};
	rootObject = 2E63C54C21AAD31B00D869DF /* Project object */;
}
